
Microsoft Visual Studio Solution File, Format Version 12.00
# Visual Studio 14
VisualStudioVersion = 14.0.24720.0
MinimumVisualStudioVersion = 10.0.40219.1
Project("{FAE04EC0-301F-11D3-BF4B-00C04F79EFBC}") = "с мира по нитке", "с мира по нитке\с мира по нитке.csproj", "{4D7790D1-B80D-413E-B18C-2A8D91395BD5}"
EndProject
Global
	GlobalSection(SolutionConfigurationPlatforms) = preSolution
		Debug|Any CPU = Debug|Any CPU
		Release|Any CPU = Release|Any CPU
	EndGlobalSection
	GlobalSection(ProjectConfigurationPlatforms) = postSolution
		{4D7790D1-B80D-413E-B18C-2A8D91395BD5}.Debug|Any CPU.ActiveCfg = Debug|Any CPU
		{4D7790D1-B80D-413E-B18C-2A8D91395BD5}.Debug|Any CPU.Build.0 = Debug|Any CPU
		{4D7790D1-B80D-413E-B18C-2A8D91395BD5}.Release|Any CPU.ActiveCfg = Release|Any CPU
		{4D7790D1-B80D-413E-B18C-2A8D91395BD5}.Release|Any CPU.Build.0 = Release|Any CPU
	EndGlobalSection
	GlobalSection(SolutionProperties) = preSolution
		HideSolutionNode = FALSE
	EndGlobalSection
EndGlobal
